github.com/AsidStorm/go-amqp-reconnect/rabbitmq v0.0.0-20240810055454-769088980e2c h1:Bg+KYmOY5LnpmS1AgV5/kZCDcCMxK2J+HE3/EX9AFUE=
github.com/AsidStorm/go-amqp-reconnect/rabbitmq v0.0.0-20240810055454-769088980e2c/go.mod h1:kGgLUNXAMLc/Fy5vwNCwefScVArc9orxuthdc8GF6q4=
github.com/rabbitmq/amqp091-go v1.10.0 h1:STpn5XsHlHGcecLmMFCtg7mqq0RnD+zFr4uzukfVhBw=
github.com/rabbitmq/amqp091-go v1.10.0/go.mod h1:Hy4jKW5kQART1u+JkDTF9YYOQUHXqMuhrgxOEeS7G4o=
go.uber.org/goleak v1.3.0 h1:2K3zAYmnTNqV73imy9J1T3WC+gmCePx2hEGkimedGto=
go.uber.org/goleak v1.3.0/go.mod h1:CoHD4mav9JJNrW/WLlf7HGZPjdw8EucARQHekz1X6bE=
